<?xml version="1.0" encoding="utf-8"?>
<Project ToolsVersion="4.0" xmlns="http://schemas.microsoft.com/developer/msbuild/2003">
  <ItemGroup>
    <Filter Include="Core">
      <UniqueIdentifier>{4fc56d5e-8edd-4469-a9ce-3f711b2f6cb5}</UniqueIdentifier>
    </Filter>
    <Filter Include="Number">
      <UniqueIdentifier>{3beaf6f6-3a97-41d3-b429-8345ba65e786}</UniqueIdentifier>
    </Filter>
    <Filter Include="Algorithms">
      <UniqueIdentifier>{49d69ed1-4853-4859-ae27-cbd643979337}</UniqueIdentifier>
    </Filter>
  </ItemGroup>
  <ItemGroup>
    <ClCompile Include="..\Code\Core\EntryPoint.cpp">
      <Filter>Core</Filter>
    </ClCompile>
    <ClCompile Include="..\Code\Number\Number.cpp">
      <Filter>Number</Filter>
    </ClCompile>
    <ClCompile Include="..\Code\Core\InteractiveMode.cpp">
      <Filter>Core</Filter>
    </ClCompile>
    <ClCompile Include="..\Code\Core\Help.cpp">
      <Filter>Core</Filter>
    </ClCompile>
    <ClCompile Include="..\Code\Number\Factorisation.cpp">
      <Filter>Number</Filter>
    </ClCompile>
    <ClCompile Include="..\Code\Algorithms\PowersOf2.cpp">
      <Filter>Algorithms</Filter>
    </ClCompile>
    <ClCompile Include="..\Code\Core\Timing.cpp">
      <Filter>Core</Filter>
    </ClCompile>
    <ClCompile Include="..\Code\Algorithms\TrialDivision.cpp">
      <Filter>Algorithms</Filter>
    </ClCompile>
    <ClCompile Include="..\Code\Algorithms\Wheel.cpp">
      <Filter>Algorithms</Filter>
    </ClCompile>
    <ClCompile Include="..\Code\Core\Parameters.cpp">
      <Filter>Core</Filter>
    </ClCompile>
    <ClCompile Include="..\Code\Core\ProcessNumber.cpp">
      <Filter>Core</Filter>
    </ClCompile>
  </ItemGroup>
  <ItemGroup>
    <ClInclude Include="..\Code\Number\Number.h">
      <Filter>Number</Filter>
    </ClInclude>
    <ClInclude Include="..\Code\Number\Factorisation.h">
      <Filter>Number</Filter>
    </ClInclude>
    <ClInclude Include="..\Code\Algorithms\PowersOf2.h">
      <Filter>Algorithms</Filter>
    </ClInclude>
    <ClInclude Include="..\Code\Core\Timing.h">
      <Filter>Core</Filter>
    </ClInclude>
    <ClInclude Include="..\Code\Algorithms\TrialDivision.h">
      <Filter>Algorithms</Filter>
    </ClInclude>
    <ClInclude Include="..\Code\Algorithms\Wheel.h">
      <Filter>Algorithms</Filter>
    </ClInclude>
    <ClInclude Include="..\Code\Algorithms\PowersOfN.h">
      <Filter>Algorithms</Filter>
    </ClInclude>
    <ClInclude Include="..\Code\Core\Parameters.h">
      <Filter>Core</Filter>
    </ClInclude>
    <ClInclude Include="..\Code\Core\ProcessNumber.h">
      <Filter>Core</Filter>
    </ClInclude>
  </ItemGroup>
  <ItemGroup>
    <None Include="..\Code\Number\Factorisation.inl">
      <Filter>Number</Filter>
    </None>
    <None Include="..\Code\Algorithms\PowersOfN.inl">
      <Filter>Algorithms</Filter>
    </None>
  </ItemGroup>
</Project>