<?xml version="1.0" encoding="utf-8"?>
<Project ToolsVersion="4.0" xmlns="http://schemas.microsoft.com/developer/msbuild/2003">
  <ItemGroup>
    <Filter Include="Core">
      <UniqueIdentifier>{4fc56d5e-8edd-4469-a9ce-3f711b2f6cb5}</UniqueIdentifier>
    </Filter>
    <Filter Include="Number">
      <UniqueIdentifier>{3beaf6f6-3a97-41d3-b429-8345ba65e786}</UniqueIdentifier>
    </Filter>
    <Filter Include="Algorithms">
      <UniqueIdentifier>{49d69ed1-4853-4859-ae27-cbd643979337}</UniqueIdentifier>
    </Filter>
    <Filter Include="Tests">
      <UniqueIdentifier>{d8c4debb-2e45-49dd-b8c2-d43ce9f70c2a}</UniqueIdentifier>
    </Filter>
    <Filter Include="Algorithms\Arithmetic">
      <UniqueIdentifier>{797fdd05-2fa9-4093-aae0-01c01ef1f6a1}</UniqueIdentifier>
    </Filter>
    <Filter Include="Algorithms\Primality">
      <UniqueIdentifier>{51e13dae-b3e4-4e55-a91d-f912af406958}</UniqueIdentifier>
    </Filter>
    <Filter Include="Algorithms\Arithmetic\Multiplication">
      <UniqueIdentifier>{41c8dfc2-b7e5-487e-ace6-a12de0172f15}</UniqueIdentifier>
    </Filter>
    <Filter Include="Algorithms\Arithmetic\Division">
      <UniqueIdentifier>{9e90b57e-b896-4c52-8bc0-fc413c50b117}</UniqueIdentifier>
    </Filter>
    <Filter Include="Algorithms\General">
      <UniqueIdentifier>{f60acfb8-c24e-4cae-a4c6-2ffdb2e6e26f}</UniqueIdentifier>
    </Filter>
    <Filter Include="Algorithms\Factorisation">
      <UniqueIdentifier>{b1c885a7-ec15-4a98-99d4-8e157c406a75}</UniqueIdentifier>
    </Filter>
  </ItemGroup>
  <ItemGroup>
    <ClCompile Include="..\Code\Core\EntryPoint.cpp">
      <Filter>Core</Filter>
    </ClCompile>
    <ClCompile Include="..\Code\Number\Number.cpp">
      <Filter>Number</Filter>
    </ClCompile>
    <ClCompile Include="..\Code\Core\InteractiveMode.cpp">
      <Filter>Core</Filter>
    </ClCompile>
    <ClCompile Include="..\Code\Core\Help.cpp">
      <Filter>Core</Filter>
    </ClCompile>
    <ClCompile Include="..\Code\Number\Factorisation.cpp">
      <Filter>Number</Filter>
    </ClCompile>
    <ClCompile Include="..\Code\Core\Timing.cpp">
      <Filter>Core</Filter>
    </ClCompile>
    <ClCompile Include="..\Code\Core\Parameters.cpp">
      <Filter>Core</Filter>
    </ClCompile>
    <ClCompile Include="..\Code\Core\ProcessNumber.cpp">
      <Filter>Core</Filter>
    </ClCompile>
    <ClCompile Include="..\Code\Core\Test.cpp">
      <Filter>Core</Filter>
    </ClCompile>
    <ClCompile Include="..\Code\Tests\Tests.cpp">
      <Filter>Tests</Filter>
    </ClCompile>
    <ClCompile Include="..\Code\Algorithms\Arithmetic\AdditionX64.cpp">
      <Filter>Algorithms\Arithmetic</Filter>
    </ClCompile>
    <ClCompile Include="..\Code\Algorithms\Arithmetic\SubtractionX64.cpp">
      <Filter>Algorithms\Arithmetic</Filter>
    </ClCompile>
    <ClCompile Include="..\Code\Algorithms\Primality\PowersOf2.cpp">
      <Filter>Algorithms\Primality</Filter>
    </ClCompile>
    <ClCompile Include="..\Code\Algorithms\Primality\SPRP.cpp">
      <Filter>Algorithms\Primality</Filter>
    </ClCompile>
    <ClCompile Include="..\Code\Algorithms\Primality\TrialDivision.cpp">
      <Filter>Algorithms\Primality</Filter>
    </ClCompile>
    <ClCompile Include="..\Code\Algorithms\Primality\Wheel.cpp">
      <Filter>Algorithms\Primality</Filter>
    </ClCompile>
    <ClCompile Include="..\Code\Number\Number_Copy.cpp">
      <Filter>Number</Filter>
    </ClCompile>
    <ClCompile Include="..\Code\Number\Number_DivMod.cpp">
      <Filter>Number</Filter>
    </ClCompile>
    <ClCompile Include="..\Code\Number\Number_Shift.cpp">
      <Filter>Number</Filter>
    </ClCompile>
    <ClCompile Include="..\Code\Number\Number_AddSub.cpp">
      <Filter>Number</Filter>
    </ClCompile>
    <ClCompile Include="..\Code\Number\Number_Compare.cpp">
      <Filter>Number</Filter>
    </ClCompile>
    <ClCompile Include="..\Code\Algorithms\Arithmetic\Multiplication\MultiplyLimbX64.cpp">
      <Filter>Algorithms\Arithmetic\Multiplication</Filter>
    </ClCompile>
    <ClCompile Include="..\Code\Algorithms\Arithmetic\Multiplication\GrammarSchoolX64.cpp">
      <Filter>Algorithms\Arithmetic\Multiplication</Filter>
    </ClCompile>
    <ClCompile Include="..\Code\Algorithms\Arithmetic\Division\BinaryDivision.cpp">
      <Filter>Algorithms\Arithmetic\Division</Filter>
    </ClCompile>
    <ClCompile Include="..\Code\Number\Number_BitOps.cpp">
      <Filter>Number</Filter>
    </ClCompile>
    <ClCompile Include="..\Code\Tests\Test_Division.cpp">
      <Filter>Tests</Filter>
    </ClCompile>
    <ClCompile Include="..\Code\Tests\Test_Multiplication.cpp">
      <Filter>Tests</Filter>
    </ClCompile>
    <ClCompile Include="..\Code\Tests\Test_Addition.cpp">
      <Filter>Tests</Filter>
    </ClCompile>
    <ClCompile Include="..\Code\Tests\Test_Shifts.cpp">
      <Filter>Tests</Filter>
    </ClCompile>
    <ClCompile Include="..\Code\Algorithms\General\EuclideanGCD.cpp">
      <Filter>Algorithms\General</Filter>
    </ClCompile>
    <ClCompile Include="..\Code\Algorithms\General\BinarySquareRoot.cpp">
      <Filter>Algorithms\General</Filter>
    </ClCompile>
    <ClCompile Include="..\Code\Algorithms\Factorisation\PollardRho.cpp">
      <Filter>Algorithms\Factorisation</Filter>
    </ClCompile>
    <ClCompile Include="..\Code\Tests\Test_Rho.cpp">
      <Filter>Tests</Filter>
    </ClCompile>
    <ClCompile Include="..\Code\Tests\Test_SquareRoot.cpp">
      <Filter>Tests</Filter>
    </ClCompile>
    <ClCompile Include="..\Code\Algorithms\Factorisation\Fermat.cpp">
      <Filter>Algorithms\Factorisation</Filter>
    </ClCompile>
    <ClCompile Include="..\Code\Tests\Test_SPRP.cpp">
      <Filter>Tests</Filter>
    </ClCompile>
    <ClCompile Include="..\Code\Tests\Test_ModExp.cpp">
      <Filter>Tests</Filter>
    </ClCompile>
  </ItemGroup>
  <ItemGroup>
    <ClInclude Include="..\Code\Number\Number.h">
      <Filter>Number</Filter>
    </ClInclude>
    <ClInclude Include="..\Code\Number\Factorisation.h">
      <Filter>Number</Filter>
    </ClInclude>
    <ClInclude Include="..\Code\Core\Timing.h">
      <Filter>Core</Filter>
    </ClInclude>
    <ClInclude Include="..\Code\Core\Parameters.h">
      <Filter>Core</Filter>
    </ClInclude>
    <ClInclude Include="..\Code\Core\ProcessNumber.h">
      <Filter>Core</Filter>
    </ClInclude>
    <ClInclude Include="..\Code\Tests\Tests.h">
      <Filter>Tests</Filter>
    </ClInclude>
    <ClInclude Include="..\Code\Algorithms\Arithmetic\AdditionX64.h">
      <Filter>Algorithms\Arithmetic</Filter>
    </ClInclude>
    <ClInclude Include="..\Code\Algorithms\Arithmetic\SubtractionX64.h">
      <Filter>Algorithms\Arithmetic</Filter>
    </ClInclude>
    <ClInclude Include="..\Code\Algorithms\Primality\PowersOf2.h">
      <Filter>Algorithms\Primality</Filter>
    </ClInclude>
    <ClInclude Include="..\Code\Algorithms\Primality\PowersOfN.h">
      <Filter>Algorithms\Primality</Filter>
    </ClInclude>
    <ClInclude Include="..\Code\Algorithms\Primality\SPRP.h">
      <Filter>Algorithms\Primality</Filter>
    </ClInclude>
    <ClInclude Include="..\Code\Algorithms\Primality\TrialDivision.h">
      <Filter>Algorithms\Primality</Filter>
    </ClInclude>
    <ClInclude Include="..\Code\Algorithms\Primality\Wheel.h">
      <Filter>Algorithms\Primality</Filter>
    </ClInclude>
    <ClInclude Include="..\Code\Algorithms\Arithmetic\Multiplication\MultiplyLimbX64.h">
      <Filter>Algorithms\Arithmetic\Multiplication</Filter>
    </ClInclude>
    <ClInclude Include="..\Code\Algorithms\Arithmetic\Multiplication\GrammarSchoolX64.h">
      <Filter>Algorithms\Arithmetic\Multiplication</Filter>
    </ClInclude>
    <ClInclude Include="..\Code\Algorithms\Arithmetic\Division\BinaryDivision.h">
      <Filter>Algorithms\Arithmetic\Division</Filter>
    </ClInclude>
    <ClInclude Include="..\Code\Algorithms\General\EuclideanGCD.h">
      <Filter>Algorithms\General</Filter>
    </ClInclude>
    <ClInclude Include="..\Code\Algorithms\General\BinarySquareRoot.h">
      <Filter>Algorithms\General</Filter>
    </ClInclude>
    <ClInclude Include="..\Code\Algorithms\Factorisation\PollardRho.h">
      <Filter>Algorithms\Factorisation</Filter>
    </ClInclude>
    <ClInclude Include="..\Code\Algorithms\Factorisation\Fermat.h">
      <Filter>Algorithms\Factorisation</Filter>
    </ClInclude>
  </ItemGroup>
  <ItemGroup>
    <None Include="..\Code\Number\Factorisation.inl">
      <Filter>Number</Filter>
    </None>
    <None Include="..\Code\Algorithms\Primality\PowersOfN.inl">
      <Filter>Algorithms\Primality</Filter>
    </None>
    <None Include="..\Code\Algorithms\Primality\Wheel.inl">
      <Filter>Algorithms\Primality</Filter>
    </None>
  </ItemGroup>
</Project>